
Microsoft Visual Studio Solution File, Format Version 12.00
# Visual Studio 2012
Project("{FAE04EC0-301F-11D3-BF4B-00C04F79EFBC}") = "Angular Application", "Angular Application\Angular Application.csproj", "{CF8D7628-52B5-406A-9F55-CD9744583502}"
EndProject
Project("{FAE04EC0-301F-11D3-BF4B-00C04F79EFBC}") = "Angular Services", "Angular Services\Angular Services.csproj", "{76FA2754-A5A0-457F-85E0-5499579742ED}"
EndProject
Global
	GlobalSection(SolutionConfigurationPlatforms) = preSolution
		Debug|Any CPU = Debug|Any CPU
		Release|Any CPU = Release|Any CPU
	EndGlobalSection
	GlobalSection(ProjectConfigurationPlatforms) = postSolution
		{CF8D7628-52B5-406A-9F55-CD9744583502}.Debug|Any CPU.ActiveCfg = Debug|Any CPU
		{CF8D7628-52B5-406A-9F55-CD9744583502}.Debug|Any CPU.Build.0 = Debug|Any CPU
		{CF8D7628-52B5-406A-9F55-CD9744583502}.Release|Any CPU.ActiveCfg = Release|Any CPU
		{CF8D7628-52B5-406A-9F55-CD9744583502}.Release|Any CPU.Build.0 = Release|Any CPU
		{76FA2754-A5A0-457F-85E0-5499579742ED}.Debug|Any CPU.ActiveCfg = Debug|Any CPU
		{76FA2754-A5A0-457F-85E0-5499579742ED}.Debug|Any CPU.Build.0 = Debug|Any CPU
		{76FA2754-A5A0-457F-85E0-5499579742ED}.Release|Any CPU.ActiveCfg = Release|Any CPU
		{76FA2754-A5A0-457F-85E0-5499579742ED}.Release|Any CPU.Build.0 = Release|Any CPU
	EndGlobalSection
	GlobalSection(SolutionProperties) = preSolution
		HideSolutionNode = FALSE
	EndGlobalSection
EndGlobal
