
Microsoft Visual Studio Solution File, Format Version 12.00
# Visual Studio 2012
Project("{FAE04EC0-301F-11D3-BF4B-00C04F79EFBC}") = "ConsoleApplication1", "ConsoleApplication1\ConsoleApplication1.csproj", "{3A64DE7D-0047-46A1-A2B5-81A77B0B4C14}"
EndProject
Global
	GlobalSection(SolutionConfigurationPlatforms) = preSolution
		Debug|Any CPU = Debug|Any CPU
		Release|Any CPU = Release|Any CPU
	EndGlobalSection
	GlobalSection(ProjectConfigurationPlatforms) = postSolution
		{3A64DE7D-0047-46A1-A2B5-81A77B0B4C14}.Debug|Any CPU.ActiveCfg = Debug|Any CPU
		{3A64DE7D-0047-46A1-A2B5-81A77B0B4C14}.Debug|Any CPU.Build.0 = Debug|Any CPU
		{3A64DE7D-0047-46A1-A2B5-81A77B0B4C14}.Release|Any CPU.ActiveCfg = Release|Any CPU
		{3A64DE7D-0047-46A1-A2B5-81A77B0B4C14}.Release|Any CPU.Build.0 = Release|Any CPU
	EndGlobalSection
	GlobalSection(SolutionProperties) = preSolution
		HideSolutionNode = FALSE
	EndGlobalSection
EndGlobal
